
Microsoft Visual Studio Solution File, Format Version 12.00
# Visual Studio 2012
Project("{FAE04EC0-301F-11D3-BF4B-00C04F79EFBC}") = "PomodoroKata", "PomodoroKata\PomodoroKata.csproj", "{E098551F-3548-4DFC-9E99-9D49C617D2EC}"
EndProject
Project("{FAE04EC0-301F-11D3-BF4B-00C04F79EFBC}") = "PomodoroKata.Tests", "PomodoroKata.Tests\PomodoroKata.Tests.csproj", "{47BE6FD7-69BA-46A9-9BB0-0BA2F3893800}"
EndProject
Global
	GlobalSection(SolutionConfigurationPlatforms) = preSolution
		Debug|Any CPU = Debug|Any CPU
		Release|Any CPU = Release|Any CPU
	EndGlobalSection
	GlobalSection(ProjectConfigurationPlatforms) = postSolution
		{47BE6FD7-69BA-46A9-9BB0-0BA2F3893800}.Debug|Any CPU.ActiveCfg = Debug|Any CPU
		{47BE6FD7-69BA-46A9-9BB0-0BA2F3893800}.Debug|Any CPU.Build.0 = Debug|Any CPU
		{47BE6FD7-69BA-46A9-9BB0-0BA2F3893800}.Release|Any CPU.ActiveCfg = Release|Any CPU
		{47BE6FD7-69BA-46A9-9BB0-0BA2F3893800}.Release|Any CPU.Build.0 = Release|Any CPU
		{E098551F-3548-4DFC-9E99-9D49C617D2EC}.Debug|Any CPU.ActiveCfg = Debug|Any CPU
		{E098551F-3548-4DFC-9E99-9D49C617D2EC}.Debug|Any CPU.Build.0 = Debug|Any CPU
		{E098551F-3548-4DFC-9E99-9D49C617D2EC}.Release|Any CPU.ActiveCfg = Release|Any CPU
		{E098551F-3548-4DFC-9E99-9D49C617D2EC}.Release|Any CPU.Build.0 = Release|Any CPU
	EndGlobalSection
	GlobalSection(SolutionProperties) = preSolution
		HideSolutionNode = FALSE
	EndGlobalSection
EndGlobal
